
Microsoft Visual Studio Solution File, Format Version 12.00
# Visual Studio Version 16
VisualStudioVersion = 16.0.31321.278
MinimumVisualStudioVersion = 10.0.40219.1
Project("{FAE04EC0-301F-11D3-BF4B-00C04F79EFBC}") = "Avatar", "Avatar\Avatar.csproj", "{DBDD0E24-CDAF-4EDE-BF1B-1A25E7AE88E6}"
EndProject
Global
	GlobalSection(SolutionConfigurationPlatforms) = preSolution
		Debug|Any CPU = Debug|Any CPU
		Release|Any CPU = Release|Any CPU
	EndGlobalSection
	GlobalSection(ProjectConfigurationPlatforms) = postSolution
		{DBDD0E24-CDAF-4EDE-BF1B-1A25E7AE88E6}.Debug|Any CPU.ActiveCfg = Debug|Any CPU
		{DBDD0E24-CDAF-4EDE-BF1B-1A25E7AE88E6}.Debug|Any CPU.Build.0 = Debug|Any CPU
		{DBDD0E24-CDAF-4EDE-BF1B-1A25E7AE88E6}.Release|Any CPU.ActiveCfg = Release|Any CPU
		{DBDD0E24-CDAF-4EDE-BF1B-1A25E7AE88E6}.Release|Any CPU.Build.0 = Release|Any CPU
	EndGlobalSection
	GlobalSection(SolutionProperties) = preSolution
		HideSolutionNode = FALSE
	EndGlobalSection
	GlobalSection(ExtensibilityGlobals) = postSolution
		SolutionGuid = {374EC856-FE06-4468-9F88-32C1D6A7D3C2}
	EndGlobalSection
EndGlobal
